
Microsoft Visual Studio Solution File, Format Version 12.00
# Visual Studio Version 17
VisualStudioVersion = 17.7.34024.191
MinimumVisualStudioVersion = 10.0.40219.1
Project("{FAE04EC0-301F-11D3-BF4B-00C04F79EFBC}") = "EstudoAPI.Domain", "EstudoAPI.Domain\EstudoAPI.Domain.csproj", "{54BBAACC-334F-4CE1-888A-1BD7F37346B4}"
EndProject
Project("{FAE04EC0-301F-11D3-BF4B-00C04F79EFBC}") = "EstudoAPI.Infra", "EstudoAPI.Infra.Data\EstudoAPI.Infra.csproj", "{F98B0532-7131-42C5-B9EC-B03BC0E5336C}"
EndProject
Project("{FAE04EC0-301F-11D3-BF4B-00C04F79EFBC}") = "EstudoAPI.Application", "EstudoAPI.Application\EstudoAPI.Application.csproj", "{B42073D8-323A-4907-A1CE-EDBE2F7AA30D}"
EndProject
Project("{FAE04EC0-301F-11D3-BF4B-00C04F79EFBC}") = "EstudoAPI.CrossCutting", "EstudoAPI.CrossCutting\EstudoAPI.CrossCutting.csproj", "{04E9338F-E227-45E7-8FB3-44482E37297D}"
EndProject
Project("{FAE04EC0-301F-11D3-BF4B-00C04F79EFBC}") = "EstudoAPI.Api", "EstudoAPI.Api\EstudoAPI.Api.csproj", "{860B041A-AAA5-422D-BEF1-B4A345EA78B4}"
EndProject
Global
	GlobalSection(SolutionConfigurationPlatforms) = preSolution
		Debug|Any CPU = Debug|Any CPU
		Release|Any CPU = Release|Any CPU
	EndGlobalSection
	GlobalSection(ProjectConfigurationPlatforms) = postSolution
		{54BBAACC-334F-4CE1-888A-1BD7F37346B4}.Debug|Any CPU.ActiveCfg = Debug|Any CPU
		{54BBAACC-334F-4CE1-888A-1BD7F37346B4}.Debug|Any CPU.Build.0 = Debug|Any CPU
		{54BBAACC-334F-4CE1-888A-1BD7F37346B4}.Release|Any CPU.ActiveCfg = Release|Any CPU
		{54BBAACC-334F-4CE1-888A-1BD7F37346B4}.Release|Any CPU.Build.0 = Release|Any CPU
		{F98B0532-7131-42C5-B9EC-B03BC0E5336C}.Debug|Any CPU.ActiveCfg = Debug|Any CPU
		{F98B0532-7131-42C5-B9EC-B03BC0E5336C}.Debug|Any CPU.Build.0 = Debug|Any CPU
		{F98B0532-7131-42C5-B9EC-B03BC0E5336C}.Release|Any CPU.ActiveCfg = Release|Any CPU
		{F98B0532-7131-42C5-B9EC-B03BC0E5336C}.Release|Any CPU.Build.0 = Release|Any CPU
		{B42073D8-323A-4907-A1CE-EDBE2F7AA30D}.Debug|Any CPU.ActiveCfg = Debug|Any CPU
		{B42073D8-323A-4907-A1CE-EDBE2F7AA30D}.Debug|Any CPU.Build.0 = Debug|Any CPU
		{B42073D8-323A-4907-A1CE-EDBE2F7AA30D}.Release|Any CPU.ActiveCfg = Release|Any CPU
		{B42073D8-323A-4907-A1CE-EDBE2F7AA30D}.Release|Any CPU.Build.0 = Release|Any CPU
		{04E9338F-E227-45E7-8FB3-44482E37297D}.Debug|Any CPU.ActiveCfg = Debug|Any CPU
		{04E9338F-E227-45E7-8FB3-44482E37297D}.Debug|Any CPU.Build.0 = Debug|Any CPU
		{04E9338F-E227-45E7-8FB3-44482E37297D}.Release|Any CPU.ActiveCfg = Release|Any CPU
		{04E9338F-E227-45E7-8FB3-44482E37297D}.Release|Any CPU.Build.0 = Release|Any CPU
		{860B041A-AAA5-422D-BEF1-B4A345EA78B4}.Debug|Any CPU.ActiveCfg = Debug|Any CPU
		{860B041A-AAA5-422D-BEF1-B4A345EA78B4}.Debug|Any CPU.Build.0 = Debug|Any CPU
		{860B041A-AAA5-422D-BEF1-B4A345EA78B4}.Release|Any CPU.ActiveCfg = Release|Any CPU
		{860B041A-AAA5-422D-BEF1-B4A345EA78B4}.Release|Any CPU.Build.0 = Release|Any CPU
	EndGlobalSection
	GlobalSection(SolutionProperties) = preSolution
		HideSolutionNode = FALSE
	EndGlobalSection
	GlobalSection(ExtensibilityGlobals) = postSolution
		SolutionGuid = {F3AFADAF-363F-4B6D-AA11-57E718AF7EE4}
	EndGlobalSection
EndGlobal
